
Microsoft Visual Studio Solution File, Format Version 12.00
# Visual Studio Version 17
VisualStudioVersion = 17.10.34607.79
MinimumVisualStudioVersion = 10.0.40219.1
Project("{9A19103F-16F7-4668-BE54-9A1E7A4F7556}") = "kaizenITSM.Domain", "kaizenITSM.Domain\kaizenITSM.Domain.csproj", "{33A6EC38-3156-4A3A-BFEA-C57707347C5F}"
EndProject
Project("{9A19103F-16F7-4668-BE54-9A1E7A4F7556}") = "kaizenITSM.Api", "kaizenITSM.Api\kaizenITSM.Api.csproj", "{6E728676-9861-437B-9893-3B5740B2CDCB}"
EndProject
Project("{00D1A9C2-B5F0-4AF3-8072-F6C62B433612}") = "kaizenITSM.Database", "kaizenITSM.Database\kaizenITSM.Database.sqlproj", "{488A5899-98D4-4354-A02B-573AD2C0EC52}"
EndProject
Project("{9A19103F-16F7-4668-BE54-9A1E7A4F7556}") = "kaizenITSM.Services", "kaizenITSM.Services\kaizenITSM.Services.csproj", "{62E0F92F-45B0-4E1B-957C-36811C842DC5}"
EndProject
Project("{FAE04EC0-301F-11D3-BF4B-00C04F79EFBC}") = "kaizenITSM.Blazor", "kaizenITSM.Blazor\kaizenITSM.Blazor.csproj", "{62D8713A-73E4-49F4-9A3B-60351558E7FB}"
EndProject
Global
	GlobalSection(SolutionConfigurationPlatforms) = preSolution
		Debug|Any CPU = Debug|Any CPU
		Release|Any CPU = Release|Any CPU
	EndGlobalSection
	GlobalSection(ProjectConfigurationPlatforms) = postSolution
		{33A6EC38-3156-4A3A-BFEA-C57707347C5F}.Debug|Any CPU.ActiveCfg = Debug|Any CPU
		{33A6EC38-3156-4A3A-BFEA-C57707347C5F}.Debug|Any CPU.Build.0 = Debug|Any CPU
		{33A6EC38-3156-4A3A-BFEA-C57707347C5F}.Release|Any CPU.ActiveCfg = Release|Any CPU
		{33A6EC38-3156-4A3A-BFEA-C57707347C5F}.Release|Any CPU.Build.0 = Release|Any CPU
		{6E728676-9861-437B-9893-3B5740B2CDCB}.Debug|Any CPU.ActiveCfg = Debug|Any CPU
		{6E728676-9861-437B-9893-3B5740B2CDCB}.Debug|Any CPU.Build.0 = Debug|Any CPU
		{6E728676-9861-437B-9893-3B5740B2CDCB}.Release|Any CPU.ActiveCfg = Release|Any CPU
		{6E728676-9861-437B-9893-3B5740B2CDCB}.Release|Any CPU.Build.0 = Release|Any CPU
		{488A5899-98D4-4354-A02B-573AD2C0EC52}.Debug|Any CPU.ActiveCfg = Debug|Any CPU
		{488A5899-98D4-4354-A02B-573AD2C0EC52}.Debug|Any CPU.Build.0 = Debug|Any CPU
		{488A5899-98D4-4354-A02B-573AD2C0EC52}.Debug|Any CPU.Deploy.0 = Debug|Any CPU
		{488A5899-98D4-4354-A02B-573AD2C0EC52}.Release|Any CPU.ActiveCfg = Release|Any CPU
		{488A5899-98D4-4354-A02B-573AD2C0EC52}.Release|Any CPU.Build.0 = Release|Any CPU
		{488A5899-98D4-4354-A02B-573AD2C0EC52}.Release|Any CPU.Deploy.0 = Release|Any CPU
		{62E0F92F-45B0-4E1B-957C-36811C842DC5}.Debug|Any CPU.ActiveCfg = Debug|Any CPU
		{62E0F92F-45B0-4E1B-957C-36811C842DC5}.Debug|Any CPU.Build.0 = Debug|Any CPU
		{62E0F92F-45B0-4E1B-957C-36811C842DC5}.Release|Any CPU.ActiveCfg = Release|Any CPU
		{62E0F92F-45B0-4E1B-957C-36811C842DC5}.Release|Any CPU.Build.0 = Release|Any CPU
		{62D8713A-73E4-49F4-9A3B-60351558E7FB}.Debug|Any CPU.ActiveCfg = Debug|Any CPU
		{62D8713A-73E4-49F4-9A3B-60351558E7FB}.Debug|Any CPU.Build.0 = Debug|Any CPU
		{62D8713A-73E4-49F4-9A3B-60351558E7FB}.Release|Any CPU.ActiveCfg = Release|Any CPU
		{62D8713A-73E4-49F4-9A3B-60351558E7FB}.Release|Any CPU.Build.0 = Release|Any CPU
	EndGlobalSection
	GlobalSection(SolutionProperties) = preSolution
		HideSolutionNode = FALSE
	EndGlobalSection
	GlobalSection(ExtensibilityGlobals) = postSolution
		SolutionGuid = {43713952-9B29-4154-B303-71E5ADB584BD}
	EndGlobalSection
EndGlobal
